PODS:
  - HFTableCollectionBindingHelper (0.3.0):
    - KVOMutableArray/ReactiveCocoaSupport
    - ReactiveCocoa/Core
    - WZProtocolInterceptor
  - KVOMutableArray/Core (1.0.2)
  - KVOMutableArray/ReactiveCocoaSupport (1.0.2):
    - KVOMutableArray/Core
    - ReactiveCocoa/Core
  - ReactiveCocoa/Core (2.5):
    - ReactiveCocoa/no-arc
  - ReactiveCocoa/no-arc (2.5)
  - WZProtocolInterceptor (0.1.0)

DEPENDENCIES:
  - HFTableCollectionBindingHelper (from `../`)

EXTERNAL SOURCES:
  HFTableCollectionBindingHelper:
    :path: ../

SPEC CHECKSUMS:
  HFTableCollectionBindingHelper: 568140d53a08b6cda5c1d282b3450974971b25c4
  KVOMutableArray: f9c017c80845f0345e066df6d21bd870170539bc
  ReactiveCocoa: e2db045570aa97c695e7aa97c2bcab222ae51f4a
  WZProtocolInterceptor: 56c395e4b3323140421eba99546be362aabc041e

COCOAPODS: 0.38.2
